
Microsoft Visual Studio Solution File, Format Version 12.00
# Visual Studio Version 16
VisualStudioVersion = 16.0.29728.190
MinimumVisualStudioVersion = 10.0.40219.1
Project("{FAE04EC0-301F-11D3-BF4B-00C04F79EFBC}") = "Matrix", "Matrix\Matrix.csproj", "{DB8E5D22-FD49-4759-B007-B11DF562FF4C}"
EndProject
Global
	GlobalSection(SolutionConfigurationPlatforms) = preSolution
		Debug|Any CPU = Debug|Any CPU
		Release|Any CPU = Release|Any CPU
	EndGlobalSection
	GlobalSection(ProjectConfigurationPlatforms) = postSolution
		{DB8E5D22-FD49-4759-B007-B11DF562FF4C}.Debug|Any CPU.ActiveCfg = Debug|Any CPU
		{DB8E5D22-FD49-4759-B007-B11DF562FF4C}.Debug|Any CPU.Build.0 = Debug|Any CPU
		{DB8E5D22-FD49-4759-B007-B11DF562FF4C}.Release|Any CPU.ActiveCfg = Release|Any CPU
		{DB8E5D22-FD49-4759-B007-B11DF562FF4C}.Release|Any CPU.Build.0 = Release|Any CPU
	EndGlobalSection
	GlobalSection(SolutionProperties) = preSolution
		HideSolutionNode = FALSE
	EndGlobalSection
	GlobalSection(ExtensibilityGlobals) = postSolution
		SolutionGuid = {949D246B-FB9E-4368-BFFD-A2F38513CB1B}
	EndGlobalSection
EndGlobal
